
Microsoft Visual Studio Solution File, Format Version 12.00
# Visual Studio 15
VisualStudioVersion = 15.0.27004.2010
MinimumVisualStudioVersion = 10.0.40219.1
Project("{FAE04EC0-301F-11D3-BF4B-00C04F79EFBC}") = "ImageProcessing", "ImageProcessing\ImageProcessing.csproj", "{D24D2D97-FD0D-425B-9312-60DC9015492A}"
EndProject
Global
	GlobalSection(SolutionConfigurationPlatforms) = preSolution
		Debug|Any CPU = Debug|Any CPU
		Release|Any CPU = Release|Any CPU
	EndGlobalSection
	GlobalSection(ProjectConfigurationPlatforms) = postSolution
		{D24D2D97-FD0D-425B-9312-60DC9015492A}.Debug|Any CPU.ActiveCfg = Debug|Any CPU
		{D24D2D97-FD0D-425B-9312-60DC9015492A}.Debug|Any CPU.Build.0 = Debug|Any CPU
		{D24D2D97-FD0D-425B-9312-60DC9015492A}.Release|Any CPU.ActiveCfg = Release|Any CPU
		{D24D2D97-FD0D-425B-9312-60DC9015492A}.Release|Any CPU.Build.0 = Release|Any CPU
	EndGlobalSection
	GlobalSection(SolutionProperties) = preSolution
		HideSolutionNode = FALSE
	EndGlobalSection
	GlobalSection(ExtensibilityGlobals) = postSolution
		SolutionGuid = {15184146-1FE5-443A-BD94-04DAEE9BFC73}
	EndGlobalSection
EndGlobal
